# This file is automatically @generated by Cargo.
# It is not intended for manual editing.
version = 4

[[package]]
name = "block"
version = "0.1.0"

[[package]]
name = "crypto"
version = "0.1.0"

[[package]]
name = "execution"
version = "0.1.0"

[[package]]
name = "primitives"
version = "0.1.0"

[[package]]
name = "state"
version = "0.1.0"

[[package]]
name = "transaction"
version = "0.1.0"
